
Microsoft Visual Studio Solution File, Format Version 12.00
# Visual Studio Version 17
VisualStudioVersion = 17.5.33530.505
MinimumVisualStudioVersion = 10.0.40219.1
Project("{FAE04EC0-301F-11D3-BF4B-00C04F79EFBC}") = "BusinessObject", "BusinessObject\BusinessObject.csproj", "{CF742180-A5E7-4793-86B5-BF2473CACDBF}"
EndProject
Project("{FAE04EC0-301F-11D3-BF4B-00C04F79EFBC}") = "BAL", "BAL\BAL.csproj", "{20B71466-3730-48FA-BD38-9D1A82FB6188}"
EndProject
Project("{FAE04EC0-301F-11D3-BF4B-00C04F79EFBC}") = "DAL", "DAL\DAL.csproj", "{9BF56EF0-FA2F-4AD3-BA6F-2D65010ED206}"
EndProject
Project("{FAE04EC0-301F-11D3-BF4B-00C04F79EFBC}") = "PresentationLayer", "PresentationLayer\PresentationLayer.csproj", "{73B36690-B8F6-4B46-AB36-A8D00749E6E6}"
EndProject
Global
	GlobalSection(SolutionConfigurationPlatforms) = preSolution
		Debug|Any CPU = Debug|Any CPU
		Release|Any CPU = Release|Any CPU
	EndGlobalSection
	GlobalSection(ProjectConfigurationPlatforms) = postSolution
		{CF742180-A5E7-4793-86B5-BF2473CACDBF}.Debug|Any CPU.ActiveCfg = Debug|Any CPU
		{CF742180-A5E7-4793-86B5-BF2473CACDBF}.Debug|Any CPU.Build.0 = Debug|Any CPU
		{CF742180-A5E7-4793-86B5-BF2473CACDBF}.Release|Any CPU.ActiveCfg = Release|Any CPU
		{CF742180-A5E7-4793-86B5-BF2473CACDBF}.Release|Any CPU.Build.0 = Release|Any CPU
		{20B71466-3730-48FA-BD38-9D1A82FB6188}.Debug|Any CPU.ActiveCfg = Debug|Any CPU
		{20B71466-3730-48FA-BD38-9D1A82FB6188}.Debug|Any CPU.Build.0 = Debug|Any CPU
		{20B71466-3730-48FA-BD38-9D1A82FB6188}.Release|Any CPU.ActiveCfg = Release|Any CPU
		{20B71466-3730-48FA-BD38-9D1A82FB6188}.Release|Any CPU.Build.0 = Release|Any CPU
		{9BF56EF0-FA2F-4AD3-BA6F-2D65010ED206}.Debug|Any CPU.ActiveCfg = Debug|Any CPU
		{9BF56EF0-FA2F-4AD3-BA6F-2D65010ED206}.Debug|Any CPU.Build.0 = Debug|Any CPU
		{9BF56EF0-FA2F-4AD3-BA6F-2D65010ED206}.Release|Any CPU.ActiveCfg = Release|Any CPU
		{9BF56EF0-FA2F-4AD3-BA6F-2D65010ED206}.Release|Any CPU.Build.0 = Release|Any CPU
		{73B36690-B8F6-4B46-AB36-A8D00749E6E6}.Debug|Any CPU.ActiveCfg = Debug|Any CPU
		{73B36690-B8F6-4B46-AB36-A8D00749E6E6}.Debug|Any CPU.Build.0 = Debug|Any CPU
		{73B36690-B8F6-4B46-AB36-A8D00749E6E6}.Release|Any CPU.ActiveCfg = Release|Any CPU
		{73B36690-B8F6-4B46-AB36-A8D00749E6E6}.Release|Any CPU.Build.0 = Release|Any CPU
	EndGlobalSection
	GlobalSection(SolutionProperties) = preSolution
		HideSolutionNode = FALSE
	EndGlobalSection
	GlobalSection(ExtensibilityGlobals) = postSolution
		SolutionGuid = {3FDF6E94-A9E9-4BA2-B63A-EF97F7E1E487}
	EndGlobalSection
EndGlobal
